
Microsoft Visual Studio Solution File, Format Version 12.00
# Visual Studio Version 17
VisualStudioVersion = 17.0.31903.59
MinimumVisualStudioVersion = 10.0.40219.1
Project("{2150E333-8FDC-42A3-9474-1A3956D46DE8}") = "src", "src", "{1F1075CE-EBC7-4E24-AD1A-ED1D84E1E036}"
EndProject
Project("{9A19103F-16F7-4668-BE54-9A1E7A4F7556}") = "Application", "src\Application\Application.csproj", "{D61C5EE8-A7BB-42C5-9C15-9B2DD9588554}"
EndProject
Project("{9A19103F-16F7-4668-BE54-9A1E7A4F7556}") = "Domain", "src\Domain\Domain.csproj", "{1437850B-B4D0-453B-9383-74F37BD5D57A}"
EndProject
Project("{9A19103F-16F7-4668-BE54-9A1E7A4F7556}") = "Infrastructure", "src\Infrastructure\Infrastructure.csproj", "{90FB0365-95C7-4210-94EB-2CA920C0D043}"
EndProject
Project("{9A19103F-16F7-4668-BE54-9A1E7A4F7556}") = "WebApi", "src\WebApi\WebApi.csproj", "{97166AA3-7391-4E95-BAEA-25C2DF7725B0}"
EndProject
Project("{2150E333-8FDC-42A3-9474-1A3956D46DE8}") = "Solution Items", "Solution Items", "{CB2EFC65-1B45-498E-B07F-0BAB730D2913}"
	ProjectSection(SolutionItems) = preProject
		.editorconfig = .editorconfig
		Directory.Build.props = Directory.Build.props
	EndProjectSection
EndProject
Project("{E53339B2-1760-4266-BCC7-CA923CBCF16C}") = "docker-compose", "docker-compose.dcproj", "{8780374B-B89A-4112-8478-075B4A348158}"
EndProject
Project("{9A19103F-16F7-4668-BE54-9A1E7A4F7556}") = "Contracts", "src\Contracts\Contracts.csproj", "{B4A6E145-9C5E-4B8D-BC70-7E94F547A6ED}"
EndProject
Project("{2150E333-8FDC-42A3-9474-1A3956D46DE8}") = "docs", "docs", "{DB1A54E4-FB29-43B5-9DCF-C01BFDF2BE50}"
	ProjectSection(SolutionItems) = preProject
		api.md = api.md
	EndProjectSection
EndProject
Project("{2150E333-8FDC-42A3-9474-1A3956D46DE8}") = "tests", "tests", "{A9939777-A0D2-493C-9651-993F0E5D2C06}"
EndProject
Project("{2150E333-8FDC-42A3-9474-1A3956D46DE8}") = "UnitTests", "UnitTests", "{D5BA6565-9342-4503-9656-3C80DB59163F}"
EndProject
Project("{9A19103F-16F7-4668-BE54-9A1E7A4F7556}") = "Application.UnitTests", "tests\UnitTests\Application.UnitTests\Application.UnitTests.csproj", "{B0E78177-D1DB-407D-8C8B-974F50F6B52F}"
EndProject
Project("{9A19103F-16F7-4668-BE54-9A1E7A4F7556}") = "Domain.UnitTests", "tests\UnitTests\Domain.UnitTests\Domain.UnitTests.csproj", "{62F3F0F7-CE65-4B84-89BD-C76775E76292}"
EndProject
Project("{9A19103F-16F7-4668-BE54-9A1E7A4F7556}") = "IntegrationTests", "tests\IntegrationTests\IntegrationTests.csproj", "{9D7DD187-E14B-4997-96DC-54D91E77E44C}"
EndProject
Project("{9A19103F-16F7-4668-BE54-9A1E7A4F7556}") = "SharedKernel", "src\SharedKernel\SharedKernel.csproj", "{E5A8F135-DDA2-43CA-881E-17D8CC3138F8}"
EndProject
Global
	GlobalSection(SolutionConfigurationPlatforms) = preSolution
		Debug|Any CPU = Debug|Any CPU
		Release|Any CPU = Release|Any CPU
	EndGlobalSection
	GlobalSection(ProjectConfigurationPlatforms) = postSolution
		{D61C5EE8-A7BB-42C5-9C15-9B2DD9588554}.Debug|Any CPU.ActiveCfg = Debug|Any CPU
		{D61C5EE8-A7BB-42C5-9C15-9B2DD9588554}.Debug|Any CPU.Build.0 = Debug|Any CPU
		{D61C5EE8-A7BB-42C5-9C15-9B2DD9588554}.Release|Any CPU.ActiveCfg = Release|Any CPU
		{D61C5EE8-A7BB-42C5-9C15-9B2DD9588554}.Release|Any CPU.Build.0 = Release|Any CPU
		{1437850B-B4D0-453B-9383-74F37BD5D57A}.Debug|Any CPU.ActiveCfg = Debug|Any CPU
		{1437850B-B4D0-453B-9383-74F37BD5D57A}.Debug|Any CPU.Build.0 = Debug|Any CPU
		{1437850B-B4D0-453B-9383-74F37BD5D57A}.Release|Any CPU.ActiveCfg = Release|Any CPU
		{1437850B-B4D0-453B-9383-74F37BD5D57A}.Release|Any CPU.Build.0 = Release|Any CPU
		{90FB0365-95C7-4210-94EB-2CA920C0D043}.Debug|Any CPU.ActiveCfg = Debug|Any CPU
		{90FB0365-95C7-4210-94EB-2CA920C0D043}.Debug|Any CPU.Build.0 = Debug|Any CPU
		{90FB0365-95C7-4210-94EB-2CA920C0D043}.Release|Any CPU.ActiveCfg = Release|Any CPU
		{90FB0365-95C7-4210-94EB-2CA920C0D043}.Release|Any CPU.Build.0 = Release|Any CPU
		{97166AA3-7391-4E95-BAEA-25C2DF7725B0}.Debug|Any CPU.ActiveCfg = Debug|Any CPU
		{97166AA3-7391-4E95-BAEA-25C2DF7725B0}.Debug|Any CPU.Build.0 = Debug|Any CPU
		{97166AA3-7391-4E95-BAEA-25C2DF7725B0}.Release|Any CPU.ActiveCfg = Release|Any CPU
		{97166AA3-7391-4E95-BAEA-25C2DF7725B0}.Release|Any CPU.Build.0 = Release|Any CPU
		{8780374B-B89A-4112-8478-075B4A348158}.Debug|Any CPU.ActiveCfg = Debug|Any CPU
		{8780374B-B89A-4112-8478-075B4A348158}.Debug|Any CPU.Build.0 = Debug|Any CPU
		{8780374B-B89A-4112-8478-075B4A348158}.Release|Any CPU.ActiveCfg = Release|Any CPU
		{8780374B-B89A-4112-8478-075B4A348158}.Release|Any CPU.Build.0 = Release|Any CPU
		{B4A6E145-9C5E-4B8D-BC70-7E94F547A6ED}.Debug|Any CPU.ActiveCfg = Debug|Any CPU
		{B4A6E145-9C5E-4B8D-BC70-7E94F547A6ED}.Debug|Any CPU.Build.0 = Debug|Any CPU
		{B4A6E145-9C5E-4B8D-BC70-7E94F547A6ED}.Release|Any CPU.ActiveCfg = Release|Any CPU
		{B4A6E145-9C5E-4B8D-BC70-7E94F547A6ED}.Release|Any CPU.Build.0 = Release|Any CPU
		{B0E78177-D1DB-407D-8C8B-974F50F6B52F}.Debug|Any CPU.ActiveCfg = Debug|Any CPU
		{B0E78177-D1DB-407D-8C8B-974F50F6B52F}.Debug|Any CPU.Build.0 = Debug|Any CPU
		{B0E78177-D1DB-407D-8C8B-974F50F6B52F}.Release|Any CPU.ActiveCfg = Release|Any CPU
		{B0E78177-D1DB-407D-8C8B-974F50F6B52F}.Release|Any CPU.Build.0 = Release|Any CPU
		{62F3F0F7-CE65-4B84-89BD-C76775E76292}.Debug|Any CPU.ActiveCfg = Debug|Any CPU
		{62F3F0F7-CE65-4B84-89BD-C76775E76292}.Debug|Any CPU.Build.0 = Debug|Any CPU
		{62F3F0F7-CE65-4B84-89BD-C76775E76292}.Release|Any CPU.ActiveCfg = Release|Any CPU
		{62F3F0F7-CE65-4B84-89BD-C76775E76292}.Release|Any CPU.Build.0 = Release|Any CPU
		{9D7DD187-E14B-4997-96DC-54D91E77E44C}.Debug|Any CPU.ActiveCfg = Debug|Any CPU
		{9D7DD187-E14B-4997-96DC-54D91E77E44C}.Debug|Any CPU.Build.0 = Debug|Any CPU
		{9D7DD187-E14B-4997-96DC-54D91E77E44C}.Release|Any CPU.ActiveCfg = Release|Any CPU
		{9D7DD187-E14B-4997-96DC-54D91E77E44C}.Release|Any CPU.Build.0 = Release|Any CPU
		{E5A8F135-DDA2-43CA-881E-17D8CC3138F8}.Debug|Any CPU.ActiveCfg = Debug|Any CPU
		{E5A8F135-DDA2-43CA-881E-17D8CC3138F8}.Debug|Any CPU.Build.0 = Debug|Any CPU
		{E5A8F135-DDA2-43CA-881E-17D8CC3138F8}.Release|Any CPU.ActiveCfg = Release|Any CPU
		{E5A8F135-DDA2-43CA-881E-17D8CC3138F8}.Release|Any CPU.Build.0 = Release|Any CPU
	EndGlobalSection
	GlobalSection(SolutionProperties) = preSolution
		HideSolutionNode = FALSE
	EndGlobalSection
	GlobalSection(NestedProjects) = preSolution
		{D61C5EE8-A7BB-42C5-9C15-9B2DD9588554} = {1F1075CE-EBC7-4E24-AD1A-ED1D84E1E036}
		{1437850B-B4D0-453B-9383-74F37BD5D57A} = {1F1075CE-EBC7-4E24-AD1A-ED1D84E1E036}
		{90FB0365-95C7-4210-94EB-2CA920C0D043} = {1F1075CE-EBC7-4E24-AD1A-ED1D84E1E036}
		{97166AA3-7391-4E95-BAEA-25C2DF7725B0} = {1F1075CE-EBC7-4E24-AD1A-ED1D84E1E036}
		{B4A6E145-9C5E-4B8D-BC70-7E94F547A6ED} = {1F1075CE-EBC7-4E24-AD1A-ED1D84E1E036}
		{D5BA6565-9342-4503-9656-3C80DB59163F} = {A9939777-A0D2-493C-9651-993F0E5D2C06}
		{B0E78177-D1DB-407D-8C8B-974F50F6B52F} = {D5BA6565-9342-4503-9656-3C80DB59163F}
		{62F3F0F7-CE65-4B84-89BD-C76775E76292} = {D5BA6565-9342-4503-9656-3C80DB59163F}
		{9D7DD187-E14B-4997-96DC-54D91E77E44C} = {A9939777-A0D2-493C-9651-993F0E5D2C06}
		{E5A8F135-DDA2-43CA-881E-17D8CC3138F8} = {1F1075CE-EBC7-4E24-AD1A-ED1D84E1E036}
	EndGlobalSection
	GlobalSection(ExtensibilityGlobals) = postSolution
		SolutionGuid = {247F3707-F3F4-4438-A4C5-E4F2A6482562}
	EndGlobalSection
EndGlobal
